// !$*UTF8*$!
{
	archiveVersion = 1;
	classes = {
	};
	objectVersion = 50;
	objects = {

/* Begin PBXBuildFile section */
		C809CD7320BAA9F000109858 /* AppDelegate.swift in Sources */ = {isa = PBXBuildFile; fileRef = C809CD7220BAA9F000109858 /* AppDelegate.swift */; };
		C809CD7520BAA9F000109858 /* ViewController.swift in Sources */ = {isa = PBXBuildFile; fileRef = C809CD7420BAA9F000109858 /* ViewController.swift */; };
		C809CD7820BAA9F000109858 /* Main.storyboard in Resources */ = {isa = PBXBuildFile; fileRef = C809CD7620BAA9F000109858 /* Main.storyboard */; };
		C809CD7A20BAA9F100109858 /* Assets.xcassets in Resources */ = {isa = PBXBuildFile; fileRef = C809CD7920BAA9F100109858 /* Assets.xcassets */; };
		C809CD7D20BAA9F100109858 /* LaunchScreen.storyboard in Resources */ = {isa = PBXBuildFile; fileRef = C809CD7B20BAA9F100109858 /* LaunchScreen.storyboard */; };
		C809CD8820BAA9F100109858 /* TipCalculatorTests.swift in Sources */ = {isa = PBXBuildFile; fileRef = C809CD8720BAA9F100109858 /* TipCalculatorTests.swift */; };
		C809CD9320BAA9F100109858 /* TipCalculatorUITests.swift in Sources */ = {isa = PBXBuildFile; fileRef = C809CD9220BAA9F100109858 /* TipCalculatorUITests.swift */; };
		C81CAFB720C119C0009A0B9D /* SettingsViewController.swift in Sources */ = {isa = PBXBuildFile; fileRef = C81CAFB620C119C0009A0B9D /* SettingsViewController.swift */; };
/* End PBXBuildFile section */

/* Begin PBXContainerItemProxy section */
		C809CD8420BAA9F100109858 /* PBXContainerItemProxy */ = {
			isa = PBXContainerItemProxy;
			containerPortal = C809CD6720BAA9F000109858 /* Project object */;
			proxyType = 1;
			remoteGlobalIDString = C809CD6E20BAA9F000109858;
			remoteInfo = TipCalculator;
		};
		C809CD8F20BAA9F100109858 /* PBXContainerItemProxy */ = {
			isa = PBXContainerItemProxy;
			containerPortal = C809CD6720BAA9F000109858 /* Project object */;
			proxyType = 1;
			remoteGlobalIDString = C809CD6E20BAA9F000109858;
			remoteInfo = TipCalculator;
		};
/* End PBXContainerItemProxy section */

/* Begin PBXFileReference section */
		C809CD6F20BAA9F000109858 /* TipCalculator.app */ = {isa = PBXFileReference; explicitFileType = wrapper.application; includeInIndex = 0; path = TipCalculator.app; sourceTree = BUILT_PRODUCTS_DIR; };
		C809CD7220BAA9F000109858 /* AppDelegate.swift */ = {isa = PBXFileReference; lastKnownFileType = sourcecode.swift; path = AppDelegate.swift; sourceTree = "<group>"; };
		C809CD7420BAA9F000109858 /* ViewController.swift */ = {isa = PBXFileReference; lastKnownFileType = sourcecode.swift; path = ViewController.swift; sourceTree = "<group>"; };
		C809CD7720BAA9F000109858 /* Base */ = {isa = PBXFileReference; lastKnownFileType = file.storyboard; name = Base; path = Base.lproj/Main.storyboard; sourceTree = "<group>"; };
		C809CD7920BAA9F100109858 /* Assets.xcassets */ = {isa = PBXFileReference; lastKnownFileType = folder.assetcatalog; path = Assets.xcassets; sourceTree = "<group>"; };
		C809CD7C20BAA9F100109858 /* Base */ = {isa = PBXFileReference; lastKnownFileType = file.storyboard; name = Base; path = Base.lproj/LaunchScreen.storyboard; sourceTree = "<group>"; };
		C809CD7E20BAA9F100109858 /* Info.plist */ = {isa = PBXFileReference; lastKnownFileType = text.plist.xml; path = Info.plist; sourceTree = "<group>"; };
		C809CD8320BAA9F100109858 /* TipCalculatorTests.xctest */ = {isa = PBXFileReference; explicitFileType = wrapper.cfbundle; includeInIndex = 0; path = TipCalculatorTests.xctest; sourceTree = BUILT_PRODUCTS_DIR; };
		C809CD8720BAA9F100109858 /* TipCalculatorTests.swift */ = {isa = PBXFileReference; lastKnownFileType = sourcecode.swift; path = TipCalculatorTests.swift; sourceTree = "<group>"; };
		C809CD8920BAA9F100109858 /* Info.plist */ = {isa = PBXFileReference; lastKnownFileType = text.plist.xml; path = Info.plist; sourceTree = "<group>"; };
		C809CD8E20BAA9F100109858 /* TipCalculatorUITests.xctest */ = {isa = PBXFileReference; explicitFileType = wrapper.cfbundle; includeInIndex = 0; path = TipCalculatorUITests.xctest; sourceTree = BUILT_PRODUCTS_DIR; };
		C809CD9220BAA9F100109858 /* TipCalculatorUITests.swift */ = {isa = PBXFileReference; lastKnownFileType = sourcecode.swift; path = TipCalculatorUITests.swift; sourceTree = "<group>"; };
		C809CD9420BAA9F100109858 /* Info.plist */ = {isa = PBXFileReference; lastKnownFileType = text.plist.xml; path = Info.plist; sourceTree = "<group>"; };
		C81CAFB620C119C0009A0B9D /* SettingsViewController.swift */ = {isa = PBXFileReference; lastKnownFileType = sourcecode.swift; path = SettingsViewController.swift; sourceTree = "<group>"; };
/* End PBXFileReference section */

/* Begin PBXFrameworksBuildPhase section */
		C809CD6C20BAA9F000109858 /* Frameworks */ = {
			isa = PBXFrameworksBuildPhase;
			buildActionMask = 2147483647;
			files = (
			);
			runOnlyForDeploymentPostprocessing = 0;
		};
		C809CD8020BAA9F100109858 /* Frameworks */ = {
			isa = PBXFrameworksBuildPhase;
			buildActionMask = 2147483647;
			files = (
			);
			runOnlyForDeploymentPostprocessing = 0;
		};
		C809CD8B20BAA9F100109858 /* Frameworks */ = {
			isa = PBXFrameworksBuildPhase;
			buildActionMask = 2147483647;
			files = (
			);
			runOnlyForDeploymentPostprocessing = 0;
		};
/* End PBXFrameworksBuildPhase section */

/* Begin PBXGroup section */
		C809CD6620BAA9F000109858 = {
			isa = PBXGroup;
			children = (
				C809CD7120BAA9F000109858 /* TipCalculator */,
				C809CD8620BAA9F100109858 /* TipCalculatorTests */,
				C809CD9120BAA9F100109858 /* TipCalculatorUITests */,
				C809CD7020BAA9F000109858 /* Products */,
			);
			sourceTree = "<group>";
		};
		C809CD7020BAA9F000109858 /* Products */ = {
			isa = PBXGroup;
			children = (
				C809CD6F20BAA9F000109858 /* TipCalculator.app */,
				C809CD8320BAA9F100109858 /* TipCalculatorTests.xctest */,
				C809CD8E20BAA9F100109858 /* TipCalculatorUITests.xctest */,
			);
			name = Products;
			sourceTree = "<group>";
		};
		C809CD7120BAA9F000109858 /* TipCalculator */ = {
			isa = PBXGroup;
			children = (
				C809CD7220BAA9F000109858 /* AppDelegate.swift */,
				C809CD7420BAA9F000109858 /* ViewController.swift */,
				C809CD7620BAA9F000109858 /* Main.storyboard */,
				C81CAFB620C119C0009A0B9D /* SettingsViewController.swift */,
				C809CD7920BAA9F100109858 /* Assets.xcassets */,
				C809CD7B20BAA9F100109858 /* LaunchScreen.storyboard */,
				C809CD7E20BAA9F100109858 /* Info.plist */,
			);
			path = TipCalculator;
			sourceTree = "<group>";
		};
		C809CD8620BAA9F100109858 /* TipCalculatorTests */ = {
			isa = PBXGroup;
			children = (
				C809CD8720BAA9F100109858 /* TipCalculatorTests.swift */,
				C809CD8920BAA9F100109858 /* Info.plist */,
			);
			path = TipCalculatorTests;
			sourceTree = "<group>";
		};
		C809CD9120BAA9F100109858 /* TipCalculatorUITests */ = {
			isa = PBXGroup;
			children = (
				C809CD9220BAA9F100109858 /* TipCalculatorUITests.swift */,
				C809CD9420BAA9F100109858 /* Info.plist */,
			);
			path = TipCalculatorUITests;
			sourceTree = "<group>";
		};
/* End PBXGroup section */

/* Begin PBXNativeTarget section */
		C809CD6E20BAA9F000109858 /* TipCalculator */ = {
			isa = PBXNativeTarget;
			buildConfigurationList = C809CD9720BAA9F100109858 /* Build configuration list for PBXNativeTarget "TipCalculator" */;
			buildPhases = (
				C809CD6B20BAA9F000109858 /* Sources */,
				C809CD6C20BAA9F000109858 /* Frameworks */,
				C809CD6D20BAA9F000109858 /* Resources */,
			);
			buildRules = (
			);
			dependencies = (
			);
			name = TipCalculator;
			productName = TipCalculator;
			productReference = C809CD6F20BAA9F000109858 /* TipCalculator.app */;
			productType = "com.apple.product-type.application";
		};
		C809CD8220BAA9F100109858 /* TipCalculatorTests */ = {
			isa = PBXNativeTarget;
			buildConfigurationList = C809CD9A20BAA9F100109858 /* Build configuration list for PBXNativeTarget "TipCalculatorTests" */;
			buildPhases = (
				C809CD7F20BAA9F100109858 /* Sources */,
				C809CD8020BAA9F100109858 /* Frameworks */,
				C809CD8120BAA9F100109858 /* Resources */,
			);
			buildRules = (
			);
			dependencies = (
				C809CD8520BAA9F100109858 /* PBXTargetDependency */,
			);
			name = TipCalculatorTests;
			productName = TipCalculatorTests;
			productReference = C809CD8320BAA9F100109858 /* TipCalculatorTests.xctest */;
			productType = "com.apple.product-type.bundle.unit-test";
		};
		C809CD8D20BAA9F100109858 /* TipCalculatorUITests */ = {
			isa = PBXNativeTarget;
			buildConfigurationList = C809CD9D20BAA9F100109858 /* Build configuration list for PBXNativeTarget "TipCalculatorUITests" */;
			buildPhases = (
				C809CD8A20BAA9F100109858 /* Sources */,
				C809CD8B20BAA9F100109858 /* Frameworks */,
				C809CD8C20BAA9F100109858 /* Resources */,
			);
			buildRules = (
			);
			dependencies = (
				C809CD9020BAA9F100109858 /* PBXTargetDependency */,
			);
			name = TipCalculatorUITests;
			productName = TipCalculatorUITests;
			productReference = C809CD8E20BAA9F100109858 /* TipCalculatorUITests.xctest */;
			productType = "com.apple.product-type.bundle.ui-testing";
		};
/* End PBXNativeTarget section */

/* Begin PBXProject section */
		C809CD6720BAA9F000109858 /* Project object */ = {
			isa = PBXProject;
			attributes = {
				LastSwiftUpdateCheck = 0930;
				LastUpgradeCheck = 0930;
				ORGANIZATIONNAME = Shofi;
				TargetAttributes = {
					C809CD6E20BAA9F000109858 = {
						CreatedOnToolsVersion = 9.3.1;
					};
					C809CD8220BAA9F100109858 = {
						CreatedOnToolsVersion = 9.3.1;
						TestTargetID = C809CD6E20BAA9F000109858;
					};
					C809CD8D20BAA9F100109858 = {
						CreatedOnToolsVersion = 9.3.1;
						TestTargetID = C809CD6E20BAA9F000109858;
					};
				};
			};
			buildConfigurationList = C809CD6A20BAA9F000109858 /* Build configuration list for PBXProject "TipCalculator" */;
			compatibilityVersion = "Xcode 9.3";
			developmentRegion = en;
			hasScannedForEncodings = 0;
			knownRegions = (
				en,
				Base,
			);
			mainGroup = C809CD6620BAA9F000109858;
			productRefGroup = C809CD7020BAA9F000109858 /* Products */;
			projectDirPath = "";
			projectRoot = "";
			targets = (
				C809CD6E20BAA9F000109858 /* TipCalculator */,
				C809CD8220BAA9F100109858 /* TipCalculatorTests */,
				C809CD8D20BAA9F100109858 /* TipCalculatorUITests */,
			);
		};
/* End PBXProject section */

/* Begin PBXResourcesBuildPhase section */
		C809CD6D20BAA9F000109858 /* Resources */ = {
			isa = PBXResourcesBuildPhase;
			buildActionMask = 2147483647;
			files = (
				C809CD7D20BAA9F100109858 /* LaunchScreen.storyboard in Resources */,
				C809CD7A20BAA9F100109858 /* Assets.xcassets in Resources */,
				C809CD7820BAA9F000109858 /* Main.storyboard in Resources */,
			);
			runOnlyForDeploymentPostprocessing = 0;
		};
		C809CD8120BAA9F100109858 /* Resources */ = {
			isa = PBXResourcesBuildPhase;
			buildActionMask = 2147483647;
			files = (
			);
			runOnlyForDeploymentPostprocessing = 0;
		};
		C809CD8C20BAA9F100109858 /* Resources */ = {
			isa = PBXResourcesBuildPhase;
			buildActionMask = 2147483647;
			files = (
			);
			runOnlyForDeploymentPostprocessing = 0;
		};
/* End PBXResourcesBuildPhase section */

/* Begin PBXSourcesBuildPhase section */
		C809CD6B20BAA9F000109858 /* Sources */ = {
			isa = PBXSourcesBuildPhase;
			buildActionMask = 2147483647;
			files = (
				C809CD7520BAA9F000109858 /* ViewController.swift in Sources */,
				C809CD7320BAA9F000109858 /* AppDelegate.swift in Sources */,
				C81CAFB720C119C0009A0B9D /* SettingsViewController.swift in Sources */,
			);
			runOnlyForDeploymentPostprocessing = 0;
		};
		C809CD7F20BAA9F100109858 /* Sources */ = {
			isa = PBXSourcesBuildPhase;
			buildActionMask = 2147483647;
			files = (
				C809CD8820BAA9F100109858 /* TipCalculatorTests.swift in Sources */,
			);
			runOnlyForDeploymentPostprocessing = 0;
		};
		C809CD8A20BAA9F100109858 /* Sources */ = {
			isa = PBXSourcesBuildPhase;
			buildActionMask = 2147483647;
			files = (
				C809CD9320BAA9F100109858 /* TipCalculatorUITests.swift in Sources */,
			);
			runOnlyForDeploymentPostprocessing = 0;
		};
/* End PBXSourcesBuildPhase section */

/* Begin PBXTargetDependency section */
		C809CD8520BAA9F100109858 /* PBXTargetDependency */ = {
			isa = PBXTargetDependency;
			target = C809CD6E20BAA9F000109858 /* TipCalculator */;
			targetProxy = C809CD8420BAA9F100109858 /* PBXContainerItemProxy */;
		};
		C809CD9020BAA9F100109858 /* PBXTargetDependency */ = {
			isa = PBXTargetDependency;
			target = C809CD6E20BAA9F000109858 /* TipCalculator */;
			targetProxy = C809CD8F20BAA9F100109858 /* PBXContainerItemProxy */;
		};
/* End PBXTargetDependency section */

/* Begin PBXVariantGroup section */
		C809CD7620BAA9F000109858 /* Main.storyboard */ = {
			isa = PBXVariantGroup;
			children = (
				C809CD7720BAA9F000109858 /* Base */,
			);
			name = Main.storyboard;
			sourceTree = "<group>";
		};
		C809CD7B20BAA9F100109858 /* LaunchScreen.storyboard */ = {
			isa = PBXVariantGroup;
			children = (
				C809CD7C20BAA9F100109858 /* Base */,
			);
			name = LaunchScreen.storyboard;
			sourceTree = "<group>";
		};
/* End PBXVariantGroup section */

/* Begin XCBuildConfiguration section */
		C809CD9520BAA9F100109858 /* Debug */ = {
			isa = XCBuildConfiguration;
			buildSettings = {
				ALWAYS_SEARCH_USER_PATHS = NO;
				CLANG_ANALYZER_NONNULL = YES;
				CLANG_ANALYZER_NUMBER_OBJECT_CONVERSION = YES_AGGRESSIVE;
				CLANG_CXX_LANGUAGE_STANDARD = "gnu++14";
				CLANG_CXX_LIBRARY = "libc++";
				CLANG_ENABLE_MODULES = YES;
				CLANG_ENABLE_OBJC_ARC = YES;
				CLANG_ENABLE_OBJC_WEAK = YES;
				CLANG_WARN_BLOCK_CAPTURE_AUTORELEASING = YES;
				CLANG_WARN_BOOL_CONVERSION = YES;
				CLANG_WARN_COMMA = YES;
				CLANG_WARN_CONSTANT_CONVERSION = YES;
				CLANG_WARN_DEPRECATED_OBJC_IMPLEMENTATIONS = YES;
				CLANG_WARN_DIRECT_OBJC_ISA_USAGE = YES_ERROR;
				CLANG_WARN_DOCUMENTATION_COMMENTS = YES;
				CLANG_WARN_EMPTY_BODY = YES;
				CLANG_WARN_ENUM_CONVERSION = YES;
				CLANG_WARN_INFINITE_RECURSION = YES;
				CLANG_WARN_INT_CONVERSION = YES;
				CLANG_WARN_NON_LITERAL_NULL_CONVERSION = YES;
				CLANG_WARN_OBJC_IMPLICIT_RETAIN_SELF = YES;
				CLANG_WARN_OBJC_LITERAL_CONVERSION = YES;
				CLANG_WARN_OBJC_ROOT_CLASS = YES_ERROR;
				CLANG_WARN_RANGE_LOOP_ANALYSIS = YES;
				CLANG_WARN_STRICT_PROTOTYPES = YES;
				CLANG_WARN_SUSPICIOUS_MOVE = YES;
				CLANG_WARN_UNGUARDED_AVAILABILITY = YES_AGGRESSIVE;
				CLANG_WARN_UNREACHABLE_CODE = YES;
				CLANG_WARN__DUPLICATE_METHOD_MATCH = YES;
				CODE_SIGN_IDENTITY = "iPhone Developer";
				COPY_PHASE_STRIP = NO;
				DEBUG_INFORMATION_FORMAT = dwarf;
				ENABLE_STRICT_OBJC_MSGSEND = YES;
				ENABLE_TESTABILITY = YES;
				GCC_C_LANGUAGE_STANDARD = gnu11;
				GCC_DYNAMIC_NO_PIC = NO;
				GCC_NO_COMMON_BLOCKS = YES;
				GCC_OPTIMIZATION_LEVEL = 0;
				GCC_PREPROCESSOR_DEFINITIONS = (
					"DEBUG=1",
					"$(inherited)",
				);
				GCC_WARN_64_TO_32_BIT_CONVERSION = YES;
				GCC_WARN_ABOUT_RETURN_TYPE = YES_ERROR;
				GCC_WARN_UNDECLARED_SELECTOR = YES;
				GCC_WARN_UNINITIALIZED_AUTOS = YES_AGGRESSIVE;
				GCC_WARN_UNUSED_FUNCTION = YES;
				GCC_WARN_UNUSED_VARIABLE = YES;
				IPHONEOS_DEPLOYMENT_TARGET = 11.3;
				MTL_ENABLE_DEBUG_INFO = YES;
				ONLY_ACTIVE_ARCH = YES;
				SDKROOT = iphoneos;
				SWIFT_ACTIVE_COMPILATION_CONDITIONS = DEBUG;
				SWIFT_OPTIMIZATION_LEVEL = "-Onone";
			};
			name = Debug;
		};
		C809CD9620BAA9F100109858 /* Release */ = {
			isa = XCBuildConfiguration;
			buildSettings = {
				ALWAYS_SEARCH_USER_PATHS = NO;
				CLANG_ANALYZER_NONNULL = YES;
				CLANG_ANALYZER_NUMBER_OBJECT_CONVERSION = YES_AGGRESSIVE;
				CLANG_CXX_LANGUAGE_STANDARD = "gnu++14";
				CLANG_CXX_LIBRARY = "libc++";
				CLANG_ENABLE_MODULES = YES;
				CLANG_ENABLE_OBJC_ARC = YES;
				CLANG_ENABLE_OBJC_WEAK = YES;
				CLANG_WARN_BLOCK_CAPTURE_AUTORELEASING = YES;
				CLANG_WARN_BOOL_CONVERSION = YES;
				CLANG_WARN_COMMA = YES;
				CLANG_WARN_CONSTANT_CONVERSION = YES;
				CLANG_WARN_DEPRECATED_OBJC_IMPLEMENTATIONS = YES;
				CLANG_WARN_DIRECT_OBJC_ISA_USAGE = YES_ERROR;
				CLANG_WARN_DOCUMENTATION_COMMENTS = YES;
				CLANG_WARN_EMPTY_BODY = YES;
				CLANG_WARN_ENUM_CONVERSION = YES;
				CLANG_WARN_INFINITE_RECURSION = YES;
				CLANG_WARN_INT_CONVERSION = YES;
				CLANG_WARN_NON_LITERAL_NULL_CONVERSION = YES;
				CLANG_WARN_OBJC_IMPLICIT_RETAIN_SELF = YES;
				CLANG_WARN_OBJC_LITERAL_CONVERSION = YES;
				CLANG_WARN_OBJC_ROOT_CLASS = YES_ERROR;
				CLANG_WARN_RANGE_LOOP_ANALYSIS = YES;
				CLANG_WARN_STRICT_PROTOTYPES = YES;
				CLANG_WARN_SUSPICIOUS_MOVE = YES;
				CLANG_WARN_UNGUARDED_AVAILABILITY = YES_AGGRESSIVE;
				CLANG_WARN_UNREACHABLE_CODE = YES;
				CLANG_WARN__DUPLICATE_METHOD_MATCH = YES;
				CODE_SIGN_IDENTITY = "iPhone Developer";
				COPY_PHASE_STRIP = NO;
				DEBUG_INFORMATION_FORMAT = "dwarf-with-dsym";
				ENABLE_NS_ASSERTIONS = NO;
				ENABLE_STRICT_OBJC_MSGSEND = YES;
				GCC_C_LANGUAGE_STANDARD = gnu11;
				GCC_NO_COMMON_BLOCKS = YES;
				GCC_WARN_64_TO_32_BIT_CONVERSION = YES;
				GCC_WARN_ABOUT_RETURN_TYPE = YES_ERROR;
				GCC_WARN_UNDECLARED_SELECTOR = YES;
				GCC_WARN_UNINITIALIZED_AUTOS = YES_AGGRESSIVE;
				GCC_WARN_UNUSED_FUNCTION = YES;
				GCC_WARN_UNUSED_VARIABLE = YES;
				IPHONEOS_DEPLOYMENT_TARGET = 11.3;
				MTL_ENABLE_DEBUG_INFO = NO;
				SDKROOT = iphoneos;
				SWIFT_COMPILATION_MODE = wholemodule;
				SWIFT_OPTIMIZATION_LEVEL = "-O";
				VALIDATE_PRODUCT = YES;
			};
			name = Release;
		};
		C809CD9820BAA9F100109858 /* Debug */ = {
			isa = XCBuildConfiguration;
			buildSettings = {
				ASSETCATALOG_COMPILER_APPICON_NAME = AppIcon;
				CODE_SIGN_STYLE = Automatic;
				INFOPLIST_FILE = TipCalculator/Info.plist;
				LD_RUNPATH_SEARCH_PATHS = (
					"$(inherited)",
					"@executable_path/Frameworks",
				);
				PRODUCT_BUNDLE_IDENTIFIER = Shofi.TipCalculator;
				PRODUCT_NAME = "$(TARGET_NAME)";
				SWIFT_VERSION = 4.0;
				TARGETED_DEVICE_FAMILY = "1,2";
			};
			name = Debug;
		};
		C809CD9920BAA9F100109858 /* Release */ = {
			isa = XCBuildConfiguration;
			buildSettings = {
				ASSETCATALOG_COMPILER_APPICON_NAME = AppIcon;
				CODE_SIGN_STYLE = Automatic;
				INFOPLIST_FILE = TipCalculator/Info.plist;
				LD_RUNPATH_SEARCH_PATHS = (
					"$(inherited)",
					"@executable_path/Frameworks",
				);
				PRODUCT_BUNDLE_IDENTIFIER = Shofi.TipCalculator;
				PRODUCT_NAME = "$(TARGET_NAME)";
				SWIFT_VERSION = 4.0;
				TARGETED_DEVICE_FAMILY = "1,2";
			};
			name = Release;
		};
		C809CD9B20BAA9F100109858 /* Debug */ = {
			isa = XCBuildConfiguration;
			buildSettings = {
				ALWAYS_EMBED_SWIFT_STANDARD_LIBRARIES = YES;
				BUNDLE_LOADER = "$(TEST_HOST)";
				CODE_SIGN_STYLE = Automatic;
				INFOPLIST_FILE = TipCalculatorTests/Info.plist;
				LD_RUNPATH_SEARCH_PATHS = (
					"$(inherited)",
					"@executable_path/Frameworks",
					"@loader_path/Frameworks",
				);
				PRODUCT_BUNDLE_IDENTIFIER = Shofi.TipCalculatorTests;
				PRODUCT_NAME = "$(TARGET_NAME)";
				SWIFT_VERSION = 4.0;
				TARGETED_DEVICE_FAMILY = "1,2";
				TEST_HOST = "$(BUILT_PRODUCTS_DIR)/TipCalculator.app/TipCalculator";
			};
			name = Debug;
		};
		C809CD9C20BAA9F100109858 /* Release */ = {
			isa = XCBuildConfiguration;
			buildSettings = {
				ALWAYS_EMBED_SWIFT_STANDARD_LIBRARIES = YES;
				BUNDLE_LOADER = "$(TEST_HOST)";
				CODE_SIGN_STYLE = Automatic;
				INFOPLIST_FILE = TipCalculatorTests/Info.plist;
				LD_RUNPATH_SEARCH_PATHS = (
					"$(inherited)",
					"@executable_path/Frameworks",
					"@loader_path/Frameworks",
				);
				PRODUCT_BUNDLE_IDENTIFIER = Shofi.TipCalculatorTests;
				PRODUCT_NAME = "$(TARGET_NAME)";
				SWIFT_VERSION = 4.0;
				TARGETED_DEVICE_FAMILY = "1,2";
				TEST_HOST = "$(BUILT_PRODUCTS_DIR)/TipCalculator.app/TipCalculator";
			};
			name = Release;
		};
		C809CD9E20BAA9F100109858 /* Debug */ = {
			isa = XCBuildConfiguration;
			buildSettings = {
				ALWAYS_EMBED_SWIFT_STANDARD_LIBRARIES = YES;
				CODE_SIGN_STYLE = Automatic;
				INFOPLIST_FILE = TipCalculatorUITests/Info.plist;
				LD_RUNPATH_SEARCH_PATHS = (
					"$(inherited)",
					"@executable_path/Frameworks",
					"@loader_path/Frameworks",
				);
				PRODUCT_BUNDLE_IDENTIFIER = Shofi.TipCalculatorUITests;
				PRODUCT_NAME = "$(TARGET_NAME)";
				SWIFT_VERSION = 4.0;
				TARGETED_DEVICE_FAMILY = "1,2";
				TEST_TARGET_NAME = TipCalculator;
			};
			name = Debug;
		};
		C809CD9F20BAA9F100109858 /* Release */ = {
			isa = XCBuildConfiguration;
			buildSettings = {
				ALWAYS_EMBED_SWIFT_STANDARD_LIBRARIES = YES;
				CODE_SIGN_STYLE = Automatic;
				INFOPLIST_FILE = TipCalculatorUITests/Info.plist;
				LD_RUNPATH_SEARCH_PATHS = (
					"$(inherited)",
					"@executable_path/Frameworks",
					"@loader_path/Frameworks",
				);
				PRODUCT_BUNDLE_IDENTIFIER = Shofi.TipCalculatorUITests;
				PRODUCT_NAME = "$(TARGET_NAME)";
				SWIFT_VERSION = 4.0;
				TARGETED_DEVICE_FAMILY = "1,2";
				TEST_TARGET_NAME = TipCalculator;
			};
			name = Release;
		};
/* End XCBuildConfiguration section */

/* Begin XCConfigurationList section */
		C809CD6A20BAA9F000109858 /* Build configuration list for PBXProject "TipCalculator" */ = {
			isa = XCConfigurationList;
			buildConfigurations = (
				C809CD9520BAA9F100109858 /* Debug */,
				C809CD9620BAA9F100109858 /* Release */,
			);
			defaultConfigurationIsVisible = 0;
			defaultConfigurationName = Release;
		};
		C809CD9720BAA9F100109858 /* Build configuration list for PBXNativeTarget "TipCalculator" */ = {
			isa = XCConfigurationList;
			buildConfigurations = (
				C809CD9820BAA9F100109858 /* Debug */,
				C809CD9920BAA9F100109858 /* Release */,
			);
			defaultConfigurationIsVisible = 0;
			defaultConfigurationName = Release;
		};
		C809CD9A20BAA9F100109858 /* Build configuration list for PBXNativeTarget "TipCalculatorTests" */ = {
			isa = XCConfigurationList;
			buildConfigurations = (
				C809CD9B20BAA9F100109858 /* Debug */,
				C809CD9C20BAA9F100109858 /* Release */,
			);
			defaultConfigurationIsVisible = 0;
			defaultConfigurationName = Release;
		};
		C809CD9D20BAA9F100109858 /* Build configuration list for PBXNativeTarget "TipCalculatorUITests" */ = {
			isa = XCConfigurationList;
			buildConfigurations = (
				C809CD9E20BAA9F100109858 /* Debug */,
				C809CD9F20BAA9F100109858 /* Release */,
			);
			defaultConfigurationIsVisible = 0;
			defaultConfigurationName = Release;
		};
/* End XCConfigurationList section */
	};
	rootObject = C809CD6720BAA9F000109858 /* Project object */;
}
